<?xml version="1.0" encoding="utf-8"?>
<Project ToolsVersion="4.0" xmlns="http://schemas.microsoft.com/developer/msbuild/2003">
  <ItemGroup>
    <Filter Include="소스 파일">
      <UniqueIdentifier>{4FC737F1-C7A5-4376-A066-2A32D752A2FF}</UniqueIdentifier>
      <Extensions>cpp;c;cc;cxx;def;odl;idl;hpj;bat;asm;asmx</Extensions>
    </Filter>
    <Filter Include="헤더 파일">
      <UniqueIdentifier>{93995380-89BD-4b04-88EB-625FBE52EBFB}</UniqueIdentifier>
      <Extensions>h;hh;hpp;hxx;hm;inl;inc;ipp;xsd</Extensions>
    </Filter>
    <Filter Include="리소스 파일">
      <UniqueIdentifier>{67DA6AB6-F800-4c08-8B7A-83BB121AAD01}</UniqueIdentifier>
      <Extensions>rc;ico;cur;bmp;dlg;rc2;rct;bin;rgs;gif;jpg;jpeg;jpe;resx;tiff;tif;png;wav;mfcribbon-ms</Extensions>
    </Filter>
    <Filter Include="System">
      <UniqueIdentifier>{448deb1c-8f3d-4979-9cd5-01fdb4fdb759}</UniqueIdentifier>
    </Filter>
    <Filter Include="Manager">
      <UniqueIdentifier>{8b6e601d-ffe6-48e5-aeeb-9fb81c60487f}</UniqueIdentifier>
    </Filter>
    <Filter Include="Shader">
      <UniqueIdentifier>{83c51497-10ae-4d53-ac6a-a7f4d3c47429}</UniqueIdentifier>
    </Filter>
    <Filter Include="ImGui">
      <UniqueIdentifier>{41f09f5c-6c8e-42ff-9322-51a3c7c4c01c}</UniqueIdentifier>
    </Filter>
  </ItemGroup>
  <ItemGroup>
    <ClCompile Include="main.cpp">
      <Filter>소스 파일</Filter>
    </ClCompile>
    <ClCompile Include="MainGame.cpp">
      <Filter>소스 파일</Filter>
    </ClCompile>
    <ClCompile Include="Window.cpp">
      <Filter>System</Filter>
    </ClCompile>
    <ClCompile Include="D3D.cpp">
      <Filter>System</Filter>
    </ClCompile>
    <ClCompile Include="Font.cpp">
      <Filter>Manager</Filter>
    </ClCompile>
    <ClCompile Include="Keyboard.cpp">
      <Filter>Manager</Filter>
    </ClCompile>
    <ClCompile Include="Gizmo.cpp">
      <Filter>소스 파일</Filter>
    </ClCompile>
    <ClCompile Include="DrawImGui.cpp">
      <Filter>ImGui</Filter>
    </ClCompile>
    <ClCompile Include="RTT.cpp">
      <Filter>소스 파일</Filter>
    </ClCompile>
  </ItemGroup>
  <ItemGroup>
    <ClInclude Include="stdafx.h">
      <Filter>헤더 파일</Filter>
    </ClInclude>
    <ClInclude Include="MainGame.h">
      <Filter>헤더 파일</Filter>
    </ClInclude>
    <ClInclude Include="Window.h">
      <Filter>System</Filter>
    </ClInclude>
    <ClInclude Include="D3D.h">
      <Filter>System</Filter>
    </ClInclude>
    <ClInclude Include="Font.h">
      <Filter>Manager</Filter>
    </ClInclude>
    <ClInclude Include="Keyboard.h">
      <Filter>Manager</Filter>
    </ClInclude>
    <ClInclude Include="Gizmo.h">
      <Filter>헤더 파일</Filter>
    </ClInclude>
    <ClInclude Include="_ImGui\imgui.h">
      <Filter>ImGui</Filter>
    </ClInclude>
    <ClInclude Include="_ImGui\imgui_impl_dx9.h">
      <Filter>ImGui</Filter>
    </ClInclude>
    <ClInclude Include="DrawImGui.h">
      <Filter>ImGui</Filter>
    </ClInclude>
    <ClInclude Include="RTT.h">
      <Filter>헤더 파일</Filter>
    </ClInclude>
  </ItemGroup>
  <ItemGroup>
    <None Include="BaseColor.fx">
      <Filter>Shader</Filter>
    </None>
    <None Include="Lambert.fx">
      <Filter>Shader</Filter>
    </None>
    <None Include="VertexSpecular.fx">
      <Filter>Shader</Filter>
    </None>
    <None Include="Phong.fx">
      <Filter>Shader</Filter>
    </None>
    <None Include="BlinnPhong.fx">
      <Filter>Shader</Filter>
    </None>
    <None Include="TextureMapping.fx">
      <Filter>Shader</Filter>
    </None>
  </ItemGroup>
</Project>